Microsoft Visual Studio Solution File, Format Version 11.00
# Visual Studio 2010
Project("{8BC9CEB8-8B4A-11D0-8D11-00A0C91BC942}") = "RC_Template", "RC_Template\RC_Template.vcxproj", "{239D05AC-0809-35BC-AFF7-AC7BE5EFF5F6}"
EndProject
Project("{8BC9CEB8-8B4A-11D0-8D11-00A0C91BC942}") = "RC_UI_Template", "RC_UI_Template\RC_UI_Template.vcxproj", "{B9D6B5B6-1C9A-32C0-9701-78AC9C5287AE}"
EndProject
Project("{8BC9CEB8-8B4A-11D0-8D11-00A0C91BC942}") = "RC_Platform", "RC_Platform\RC_Platform.vcxproj", "{7D886C41-FB8E-3A43-B70C-980BC466A290}"
EndProject
Project("{8BC9CEB8-8B4A-11D0-8D11-00A0C91BC942}") = "RC_Application", "RC_Application\RC_Application.vcxproj", "{D2C69880-C295-36D8-BF16-F6CE5B523CC9}"
EndProject
Project("{8BC9CEB8-8B4A-11D0-8D11-00A0C91BC942}") = "RC_UI_MainFrame", "RC_UI_MainFrame\RC_UI_MainFrame.vcxproj", "{F56CF4A3-16F3-30A4-95A9-363AFDB5BF22}"
EndProject
Project("{8BC9CEB8-8B4A-11D0-8D11-00A0C91BC942}") = "RC_UI_TabMenu", "RC_UI_TabMenu\RC_UI_TabMenu.vcxproj", "{F9A8E02A-037C-3942-ABC3-BB5E3F847702}"
EndProject
Project("{8BC9CEB8-8B4A-11D0-8D11-00A0C91BC942}") = "RC_UI_Test", "RC_UI_Test\RC_UI_Test.vcxproj", "{85C9E72F-97AC-3C1F-858B-DAA4FA6AD4DC}"
EndProject
Project("{8BC9CEB8-8B4A-11D0-8D11-00A0C91BC942}") = "RC_DTL_TCPClient", "RC_DTL_TCPClient\RC_DTL_TCPClient.vcxproj", "{A8839DDF-C063-3DCE-9DE8-963FD8BE4344}"
EndProject
Project("{8BC9CEB8-8B4A-11D0-8D11-00A0C91BC942}") = "RC_DTL_TCPServer", "RC_DTL_TCPServer\RC_DTL_TCPServer.vcxproj", "{4321541D-58C2-3913-BA1D-1A6CCBFAF01F}"
EndProject
Project("{8BC9CEB8-8B4A-11D0-8D11-00A0C91BC942}") = "RC_UI_GIS", "RC_UI_GIS\RC_UI_GIS.vcxproj", "{12143A6F-0475-36FD-8151-B0D3F58D58A7}"
EndProject
Project("{8BC9CEB8-8B4A-11D0-8D11-00A0C91BC942}") = "RC_UI_TestTcpClient", "RC_UI_TestTcpClient\RC_UI_TestTcpClient.vcxproj", "{B341C297-061A-3D82-8769-D272EE0137EF}"
EndProject
Project("{8BC9CEB8-8B4A-11D0-8D11-00A0C91BC942}") = "RC_UI_TestTcpServer", "RC_UI_TestTcpServer\RC_UI_TestTcpServer.vcxproj", "{A2254360-D0F3-303F-B908-D8E8719B4E5E}"
EndProject
Project("{8BC9CEB8-8B4A-11D0-8D11-00A0C91BC942}") = "SX_RC_CTRL", "SX_RC_CTRL\SX_RC_CTRL.vcxproj", "{DFCE417D-CD16-3EBD-B10B-EAFEF8C419A9}"
EndProject
Global
	GlobalSection(SolutionConfigurationPlatforms) = preSolution
		Debug|Win32 = Debug|Win32
		Release|Win32 = Release|Win32
	EndGlobalSection
	GlobalSection(ProjectConfigurationPlatforms) = postSolution
		{239D05AC-0809-35BC-AFF7-AC7BE5EFF5F6}.Debug|Win32.ActiveCfg = Debug|Win32
		{239D05AC-0809-35BC-AFF7-AC7BE5EFF5F6}.Debug|Win32.Build.0 = Debug|Win32
		{239D05AC-0809-35BC-AFF7-AC7BE5EFF5F6}.Release|Win32.ActiveCfg = Release|Win32
		{239D05AC-0809-35BC-AFF7-AC7BE5EFF5F6}.Release|Win32.Build.0 = Release|Win32
		{B9D6B5B6-1C9A-32C0-9701-78AC9C5287AE}.Debug|Win32.ActiveCfg = Debug|Win32
		{B9D6B5B6-1C9A-32C0-9701-78AC9C5287AE}.Debug|Win32.Build.0 = Debug|Win32
		{B9D6B5B6-1C9A-32C0-9701-78AC9C5287AE}.Release|Win32.ActiveCfg = Release|Win32
		{B9D6B5B6-1C9A-32C0-9701-78AC9C5287AE}.Release|Win32.Build.0 = Release|Win32
		{7D886C41-FB8E-3A43-B70C-980BC466A290}.Debug|Win32.ActiveCfg = Debug|Win32
		{7D886C41-FB8E-3A43-B70C-980BC466A290}.Debug|Win32.Build.0 = Debug|Win32
		{7D886C41-FB8E-3A43-B70C-980BC466A290}.Release|Win32.ActiveCfg = Release|Win32
		{7D886C41-FB8E-3A43-B70C-980BC466A290}.Release|Win32.Build.0 = Release|Win32
		{D2C69880-C295-36D8-BF16-F6CE5B523CC9}.Debug|Win32.ActiveCfg = Debug|Win32
		{D2C69880-C295-36D8-BF16-F6CE5B523CC9}.Debug|Win32.Build.0 = Debug|Win32
		{D2C69880-C295-36D8-BF16-F6CE5B523CC9}.Release|Win32.ActiveCfg = Release|Win32
		{D2C69880-C295-36D8-BF16-F6CE5B523CC9}.Release|Win32.Build.0 = Release|Win32
		{F56CF4A3-16F3-30A4-95A9-363AFDB5BF22}.Debug|Win32.ActiveCfg = Debug|Win32
		{F56CF4A3-16F3-30A4-95A9-363AFDB5BF22}.Debug|Win32.Build.0 = Debug|Win32
		{F56CF4A3-16F3-30A4-95A9-363AFDB5BF22}.Release|Win32.ActiveCfg = Release|Win32
		{F56CF4A3-16F3-30A4-95A9-363AFDB5BF22}.Release|Win32.Build.0 = Release|Win32
		{F9A8E02A-037C-3942-ABC3-BB5E3F847702}.Debug|Win32.ActiveCfg = Debug|Win32
		{F9A8E02A-037C-3942-ABC3-BB5E3F847702}.Debug|Win32.Build.0 = Debug|Win32
		{F9A8E02A-037C-3942-ABC3-BB5E3F847702}.Release|Win32.ActiveCfg = Release|Win32
		{F9A8E02A-037C-3942-ABC3-BB5E3F847702}.Release|Win32.Build.0 = Release|Win32
		{85C9E72F-97AC-3C1F-858B-DAA4FA6AD4DC}.Debug|Win32.ActiveCfg = Debug|Win32
		{85C9E72F-97AC-3C1F-858B-DAA4FA6AD4DC}.Debug|Win32.Build.0 = Debug|Win32
		{85C9E72F-97AC-3C1F-858B-DAA4FA6AD4DC}.Release|Win32.ActiveCfg = Release|Win32
		{85C9E72F-97AC-3C1F-858B-DAA4FA6AD4DC}.Release|Win32.Build.0 = Release|Win32
		{A8839DDF-C063-3DCE-9DE8-963FD8BE4344}.Debug|Win32.ActiveCfg = Debug|Win32
		{A8839DDF-C063-3DCE-9DE8-963FD8BE4344}.Debug|Win32.Build.0 = Debug|Win32
		{A8839DDF-C063-3DCE-9DE8-963FD8BE4344}.Release|Win32.ActiveCfg = Release|Win32
		{A8839DDF-C063-3DCE-9DE8-963FD8BE4344}.Release|Win32.Build.0 = Release|Win32
		{4321541D-58C2-3913-BA1D-1A6CCBFAF01F}.Debug|Win32.ActiveCfg = Debug|Win32
		{4321541D-58C2-3913-BA1D-1A6CCBFAF01F}.Debug|Win32.Build.0 = Debug|Win32
		{4321541D-58C2-3913-BA1D-1A6CCBFAF01F}.Release|Win32.ActiveCfg = Release|Win32
		{4321541D-58C2-3913-BA1D-1A6CCBFAF01F}.Release|Win32.Build.0 = Release|Win32
		{12143A6F-0475-36FD-8151-B0D3F58D58A7}.Debug|Win32.ActiveCfg = Debug|Win32
		{12143A6F-0475-36FD-8151-B0D3F58D58A7}.Debug|Win32.Build.0 = Debug|Win32
		{12143A6F-0475-36FD-8151-B0D3F58D58A7}.Release|Win32.ActiveCfg = Release|Win32
		{12143A6F-0475-36FD-8151-B0D3F58D58A7}.Release|Win32.Build.0 = Release|Win32
		{B341C297-061A-3D82-8769-D272EE0137EF}.Debug|Win32.ActiveCfg = Debug|Win32
		{B341C297-061A-3D82-8769-D272EE0137EF}.Debug|Win32.Build.0 = Debug|Win32
		{B341C297-061A-3D82-8769-D272EE0137EF}.Release|Win32.ActiveCfg = Release|Win32
		{B341C297-061A-3D82-8769-D272EE0137EF}.Release|Win32.Build.0 = Release|Win32
		{A2254360-D0F3-303F-B908-D8E8719B4E5E}.Debug|Win32.ActiveCfg = Debug|Win32
		{A2254360-D0F3-303F-B908-D8E8719B4E5E}.Debug|Win32.Build.0 = Debug|Win32
		{A2254360-D0F3-303F-B908-D8E8719B4E5E}.Release|Win32.ActiveCfg = Release|Win32
		{A2254360-D0F3-303F-B908-D8E8719B4E5E}.Release|Win32.Build.0 = Release|Win32
		{DFCE417D-CD16-3EBD-B10B-EAFEF8C419A9}.Debug|Win32.ActiveCfg = Debug|Win32
		{DFCE417D-CD16-3EBD-B10B-EAFEF8C419A9}.Debug|Win32.Build.0 = Debug|Win32
		{DFCE417D-CD16-3EBD-B10B-EAFEF8C419A9}.Release|Win32.ActiveCfg = Release|Win32
		{DFCE417D-CD16-3EBD-B10B-EAFEF8C419A9}.Release|Win32.Build.0 = Release|Win32
	EndGlobalSection
	GlobalSection(SolutionProperties) = preSolution
		HideSolutionNode = FALSE
	EndGlobalSection
	GlobalSection(ExtensibilityGlobals) = postSolution
		Qt5Version = 5.5.1
	EndGlobalSection
EndGlobal
