Microsoft Visual Studio Solution File, Format Version 11.00
# Visual Studio 2010
Project("{8BC9CEB8-8B4A-11D0-8D11-00A0C91BC942}") = "RC_Template", "RC_Template\RC_Template.vcxproj", "{32F3D9B1-DB30-37F5-860D-E37A80BDF383}"
EndProject
Project("{8BC9CEB8-8B4A-11D0-8D11-00A0C91BC942}") = "RC_UI_Template", "RC_UI_Template\RC_UI_Template.vcxproj", "{B09C8B0C-A61F-3E75-B222-EF7B83277CBE}"
EndProject
Project("{8BC9CEB8-8B4A-11D0-8D11-00A0C91BC942}") = "RC_Platform", "RC_Platform\RC_Platform.vcxproj", "{946E3FA4-C0CC-3913-92CA-BBF43AB11134}"
EndProject
Project("{8BC9CEB8-8B4A-11D0-8D11-00A0C91BC942}") = "RC_Application", "RC_Application\RC_Application.vcxproj", "{12C8F7B6-C89B-3429-9669-59A0BE907769}"
EndProject
Project("{8BC9CEB8-8B4A-11D0-8D11-00A0C91BC942}") = "RC_UI_MainFrame", "RC_UI_MainFrame\RC_UI_MainFrame.vcxproj", "{E8ECF25A-1A16-36FC-8896-3C72C2F92BC3}"
EndProject
Project("{8BC9CEB8-8B4A-11D0-8D11-00A0C91BC942}") = "RC_UI_TabMenu", "RC_UI_TabMenu\RC_UI_TabMenu.vcxproj", "{DB707D0B-B475-332C-BC74-99FE31FBA017}"
EndProject
Project("{8BC9CEB8-8B4A-11D0-8D11-00A0C91BC942}") = "RC_UI_Test", "RC_UI_Test\RC_UI_Test.vcxproj", "{79F5BE9D-DF1C-323A-B19A-45FF1E4B335C}"
EndProject
Project("{8BC9CEB8-8B4A-11D0-8D11-00A0C91BC942}") = "RC_UI_GIS", "RC_UI_GIS\RC_UI_GIS.vcxproj", "{12143A6F-0475-36FD-8151-B0D3F58D58A7}"
EndProject
Project("{8BC9CEB8-8B4A-11D0-8D11-00A0C91BC942}") = "RC_DTL_TCPClient", "RC_DTL_TCPClient\RC_DTL_TCPClient.vcxproj", "{A8839DDF-C063-3DCE-9DE8-963FD8BE4344}"
EndProject
Project("{8BC9CEB8-8B4A-11D0-8D11-00A0C91BC942}") = "RC_DTL_TCPServer", "RC_DTL_TCPServer\RC_DTL_TCPServer.vcxproj", "{4321541D-58C2-3913-BA1D-1A6CCBFAF01F}"
EndProject
Project("{8BC9CEB8-8B4A-11D0-8D11-00A0C91BC942}") = "RC_UI_TestTcpServer", "RC_UI_TestTcpServer\RC_UI_TestTcpServer.vcxproj", "{A2254360-D0F3-303F-B908-D8E8719B4E5E}"
EndProject
Global
	GlobalSection(SolutionConfigurationPlatforms) = preSolution
		Debug|Win32 = Debug|Win32
		Release|Win32 = Release|Win32
	EndGlobalSection
	GlobalSection(ProjectConfigurationPlatforms) = postSolution
		{32F3D9B1-DB30-37F5-860D-E37A80BDF383}.Debug|Win32.ActiveCfg = Debug|Win32
		{32F3D9B1-DB30-37F5-860D-E37A80BDF383}.Debug|Win32.Build.0 = Debug|Win32
		{32F3D9B1-DB30-37F5-860D-E37A80BDF383}.Release|Win32.ActiveCfg = Release|Win32
		{32F3D9B1-DB30-37F5-860D-E37A80BDF383}.Release|Win32.Build.0 = Release|Win32
		{B09C8B0C-A61F-3E75-B222-EF7B83277CBE}.Debug|Win32.ActiveCfg = Debug|Win32
		{B09C8B0C-A61F-3E75-B222-EF7B83277CBE}.Debug|Win32.Build.0 = Debug|Win32
		{B09C8B0C-A61F-3E75-B222-EF7B83277CBE}.Release|Win32.ActiveCfg = Release|Win32
		{B09C8B0C-A61F-3E75-B222-EF7B83277CBE}.Release|Win32.Build.0 = Release|Win32
		{946E3FA4-C0CC-3913-92CA-BBF43AB11134}.Debug|Win32.ActiveCfg = Debug|Win32
		{946E3FA4-C0CC-3913-92CA-BBF43AB11134}.Debug|Win32.Build.0 = Debug|Win32
		{946E3FA4-C0CC-3913-92CA-BBF43AB11134}.Release|Win32.ActiveCfg = Release|Win32
		{946E3FA4-C0CC-3913-92CA-BBF43AB11134}.Release|Win32.Build.0 = Release|Win32
		{12C8F7B6-C89B-3429-9669-59A0BE907769}.Debug|Win32.ActiveCfg = Debug|Win32
		{12C8F7B6-C89B-3429-9669-59A0BE907769}.Debug|Win32.Build.0 = Debug|Win32
		{12C8F7B6-C89B-3429-9669-59A0BE907769}.Release|Win32.ActiveCfg = Release|Win32
		{12C8F7B6-C89B-3429-9669-59A0BE907769}.Release|Win32.Build.0 = Release|Win32
		{E8ECF25A-1A16-36FC-8896-3C72C2F92BC3}.Debug|Win32.ActiveCfg = Debug|Win32
		{E8ECF25A-1A16-36FC-8896-3C72C2F92BC3}.Debug|Win32.Build.0 = Debug|Win32
		{E8ECF25A-1A16-36FC-8896-3C72C2F92BC3}.Release|Win32.ActiveCfg = Release|Win32
		{E8ECF25A-1A16-36FC-8896-3C72C2F92BC3}.Release|Win32.Build.0 = Release|Win32
		{DB707D0B-B475-332C-BC74-99FE31FBA017}.Debug|Win32.ActiveCfg = Debug|Win32
		{DB707D0B-B475-332C-BC74-99FE31FBA017}.Debug|Win32.Build.0 = Debug|Win32
		{DB707D0B-B475-332C-BC74-99FE31FBA017}.Release|Win32.ActiveCfg = Release|Win32
		{DB707D0B-B475-332C-BC74-99FE31FBA017}.Release|Win32.Build.0 = Release|Win32
		{79F5BE9D-DF1C-323A-B19A-45FF1E4B335C}.Debug|Win32.ActiveCfg = Debug|Win32
		{79F5BE9D-DF1C-323A-B19A-45FF1E4B335C}.Debug|Win32.Build.0 = Debug|Win32
		{79F5BE9D-DF1C-323A-B19A-45FF1E4B335C}.Release|Win32.ActiveCfg = Release|Win32
		{79F5BE9D-DF1C-323A-B19A-45FF1E4B335C}.Release|Win32.Build.0 = Release|Win32
		{12143A6F-0475-36FD-8151-B0D3F58D58A7}.Debug|Win32.ActiveCfg = Debug|Win32
		{12143A6F-0475-36FD-8151-B0D3F58D58A7}.Debug|Win32.Build.0 = Debug|Win32
		{12143A6F-0475-36FD-8151-B0D3F58D58A7}.Release|Win32.ActiveCfg = Release|Win32
		{12143A6F-0475-36FD-8151-B0D3F58D58A7}.Release|Win32.Build.0 = Release|Win32
		{A8839DDF-C063-3DCE-9DE8-963FD8BE4344}.Debug|Win32.ActiveCfg = Debug|Win32
		{A8839DDF-C063-3DCE-9DE8-963FD8BE4344}.Debug|Win32.Build.0 = Debug|Win32
		{A8839DDF-C063-3DCE-9DE8-963FD8BE4344}.Release|Win32.ActiveCfg = Release|Win32
		{A8839DDF-C063-3DCE-9DE8-963FD8BE4344}.Release|Win32.Build.0 = Release|Win32
		{4321541D-58C2-3913-BA1D-1A6CCBFAF01F}.Debug|Win32.ActiveCfg = Debug|Win32
		{4321541D-58C2-3913-BA1D-1A6CCBFAF01F}.Debug|Win32.Build.0 = Debug|Win32
		{4321541D-58C2-3913-BA1D-1A6CCBFAF01F}.Release|Win32.ActiveCfg = Release|Win32
		{4321541D-58C2-3913-BA1D-1A6CCBFAF01F}.Release|Win32.Build.0 = Release|Win32
		{A2254360-D0F3-303F-B908-D8E8719B4E5E}.Debug|Win32.ActiveCfg = Debug|Win32
		{A2254360-D0F3-303F-B908-D8E8719B4E5E}.Debug|Win32.Build.0 = Debug|Win32
		{A2254360-D0F3-303F-B908-D8E8719B4E5E}.Release|Win32.ActiveCfg = Release|Win32
		{A2254360-D0F3-303F-B908-D8E8719B4E5E}.Release|Win32.Build.0 = Release|Win32
	EndGlobalSection
	GlobalSection(SolutionProperties) = preSolution
		HideSolutionNode = FALSE
	EndGlobalSection
	GlobalSection(ExtensibilityGlobals) = postSolution
		Qt5Version = 5.2.0
	EndGlobalSection
EndGlobal
